
Microsoft Visual Studio Solution File, Format Version 12.00
Project("{FAE04EC0-301F-11D3-BF4B-00C04F79EFBC}") = "StringDiff", "StringDiff.csproj", "{982B99C2-EC54-48D0-BCBD-4C25572A026B}"
EndProject
Project("{2150E333-8FDC-42A3-9474-1A3956D46DE8}") = "Solution Items", "Solution Items", "{09BD062A-273F-46CD-8EBB-432E43B8893F}"
	ProjectSection(SolutionItems) = preProject
		docker-compose.yml = docker-compose.yml
	EndProjectSection
EndProject
Project("{FAE04EC0-301F-11D3-BF4B-00C04F79EFBC}") = "StringDiff.Tests", "StringDiff.Tests\StringDiff.Tests.csproj", "{DB949407-3149-4E3D-80A1-3D1C3B391670}"
EndProject
Project("{FAE04EC0-301F-11D3-BF4B-00C04F79EFBC}") = "StringDiff.Domain", "StringDiff.Domain\StringDiff.Domain.csproj", "{71EB513E-E3A2-4388-B406-FAAEFCD2E3D6}"
EndProject
Global
	GlobalSection(SolutionConfigurationPlatforms) = preSolution
		Debug|Any CPU = Debug|Any CPU
		Release|Any CPU = Release|Any CPU
	EndGlobalSection
	GlobalSection(ProjectConfigurationPlatforms) = postSolution
		{982B99C2-EC54-48D0-BCBD-4C25572A026B}.Debug|Any CPU.ActiveCfg = Debug|Any CPU
		{982B99C2-EC54-48D0-BCBD-4C25572A026B}.Debug|Any CPU.Build.0 = Debug|Any CPU
		{982B99C2-EC54-48D0-BCBD-4C25572A026B}.Release|Any CPU.ActiveCfg = Release|Any CPU
		{982B99C2-EC54-48D0-BCBD-4C25572A026B}.Release|Any CPU.Build.0 = Release|Any CPU
		{DB949407-3149-4E3D-80A1-3D1C3B391670}.Debug|Any CPU.ActiveCfg = Debug|Any CPU
		{DB949407-3149-4E3D-80A1-3D1C3B391670}.Debug|Any CPU.Build.0 = Debug|Any CPU
		{DB949407-3149-4E3D-80A1-3D1C3B391670}.Release|Any CPU.ActiveCfg = Release|Any CPU
		{DB949407-3149-4E3D-80A1-3D1C3B391670}.Release|Any CPU.Build.0 = Release|Any CPU
		{71EB513E-E3A2-4388-B406-FAAEFCD2E3D6}.Debug|Any CPU.ActiveCfg = Debug|Any CPU
		{71EB513E-E3A2-4388-B406-FAAEFCD2E3D6}.Debug|Any CPU.Build.0 = Debug|Any CPU
		{71EB513E-E3A2-4388-B406-FAAEFCD2E3D6}.Release|Any CPU.ActiveCfg = Release|Any CPU
		{71EB513E-E3A2-4388-B406-FAAEFCD2E3D6}.Release|Any CPU.Build.0 = Release|Any CPU
	EndGlobalSection
EndGlobal
