
Microsoft Visual Studio Solution File, Format Version 12.00
Project("{FAE04EC0-301F-11D3-BF4B-00C04F79EFBC}") = "StringDiff", "StringDiff.csproj", "{982B99C2-EC54-48D0-BCBD-4C25572A026B}"
EndProject
Project("{2150E333-8FDC-42A3-9474-1A3956D46DE8}") = "Solution Items", "Solution Items", "{09BD062A-273F-46CD-8EBB-432E43B8893F}"
	ProjectSection(SolutionItems) = preProject
		docker-compose.yml = docker-compose.yml
	EndProjectSection
EndProject
Project("{FAE04EC0-301F-11D3-BF4B-00C04F79EFBC}") = "StringDiff.Tests", "StringDiff.Tests\StringDiff.Tests.csproj", "{DB949407-3149-4E3D-80A1-3D1C3B391670}"
EndProject
Project("{FAE04EC0-301F-11D3-BF4B-00C04F79EFBC}") = "StringDiff.Domain", "StringDiff.Domain\StringDiff.Domain.csproj", "{71EB513E-E3A2-4388-B406-FAAEFCD2E3D6}"
EndProject
Project("{FAE04EC0-301F-11D3-BF4B-00C04F79EFBC}") = "StringDiff.Application.Abstraction", "StringDiff.Application.Abstraction\StringDiff.Application.Abstraction.csproj", "{73161933-F5B9-4174-BE6A-E54597CE04A3}"
EndProject
Project("{FAE04EC0-301F-11D3-BF4B-00C04F79EFBC}") = "StringDiff.Contracts", "StringDiff.Contracts\StringDiff.Contracts.csproj", "{160E3178-655C-48C2-87C0-6432695FF0CC}"
EndProject
Project("{FAE04EC0-301F-11D3-BF4B-00C04F79EFBC}") = "StringDiff.Application", "StringDiff.Application\StringDiff.Application.csproj", "{D84D5747-7C8D-40CF-BCF0-F02634112668}"
EndProject
Project("{FAE04EC0-301F-11D3-BF4B-00C04F79EFBC}") = "StringDiff.Infrastructure", "StringDiff.Infrastructure\StringDiff.Infrastructure.csproj", "{767F0050-3232-422F-A162-1046B2ABAF41}"
EndProject
Global
	GlobalSection(SolutionConfigurationPlatforms) = preSolution
		Debug|Any CPU = Debug|Any CPU
		Release|Any CPU = Release|Any CPU
	EndGlobalSection
	GlobalSection(ProjectConfigurationPlatforms) = postSolution
		{982B99C2-EC54-48D0-BCBD-4C25572A026B}.Debug|Any CPU.ActiveCfg = Debug|Any CPU
		{982B99C2-EC54-48D0-BCBD-4C25572A026B}.Debug|Any CPU.Build.0 = Debug|Any CPU
		{982B99C2-EC54-48D0-BCBD-4C25572A026B}.Release|Any CPU.ActiveCfg = Release|Any CPU
		{982B99C2-EC54-48D0-BCBD-4C25572A026B}.Release|Any CPU.Build.0 = Release|Any CPU
		{DB949407-3149-4E3D-80A1-3D1C3B391670}.Debug|Any CPU.ActiveCfg = Debug|Any CPU
		{DB949407-3149-4E3D-80A1-3D1C3B391670}.Debug|Any CPU.Build.0 = Debug|Any CPU
		{DB949407-3149-4E3D-80A1-3D1C3B391670}.Release|Any CPU.ActiveCfg = Release|Any CPU
		{DB949407-3149-4E3D-80A1-3D1C3B391670}.Release|Any CPU.Build.0 = Release|Any CPU
		{71EB513E-E3A2-4388-B406-FAAEFCD2E3D6}.Debug|Any CPU.ActiveCfg = Debug|Any CPU
		{71EB513E-E3A2-4388-B406-FAAEFCD2E3D6}.Debug|Any CPU.Build.0 = Debug|Any CPU
		{71EB513E-E3A2-4388-B406-FAAEFCD2E3D6}.Release|Any CPU.ActiveCfg = Release|Any CPU
		{71EB513E-E3A2-4388-B406-FAAEFCD2E3D6}.Release|Any CPU.Build.0 = Release|Any CPU
		{73161933-F5B9-4174-BE6A-E54597CE04A3}.Debug|Any CPU.ActiveCfg = Debug|Any CPU
		{73161933-F5B9-4174-BE6A-E54597CE04A3}.Debug|Any CPU.Build.0 = Debug|Any CPU
		{73161933-F5B9-4174-BE6A-E54597CE04A3}.Release|Any CPU.ActiveCfg = Release|Any CPU
		{73161933-F5B9-4174-BE6A-E54597CE04A3}.Release|Any CPU.Build.0 = Release|Any CPU
		{160E3178-655C-48C2-87C0-6432695FF0CC}.Debug|Any CPU.ActiveCfg = Debug|Any CPU
		{160E3178-655C-48C2-87C0-6432695FF0CC}.Debug|Any CPU.Build.0 = Debug|Any CPU
		{160E3178-655C-48C2-87C0-6432695FF0CC}.Release|Any CPU.ActiveCfg = Release|Any CPU
		{160E3178-655C-48C2-87C0-6432695FF0CC}.Release|Any CPU.Build.0 = Release|Any CPU
		{D84D5747-7C8D-40CF-BCF0-F02634112668}.Debug|Any CPU.ActiveCfg = Debug|Any CPU
		{D84D5747-7C8D-40CF-BCF0-F02634112668}.Debug|Any CPU.Build.0 = Debug|Any CPU
		{D84D5747-7C8D-40CF-BCF0-F02634112668}.Release|Any CPU.ActiveCfg = Release|Any CPU
		{D84D5747-7C8D-40CF-BCF0-F02634112668}.Release|Any CPU.Build.0 = Release|Any CPU
		{767F0050-3232-422F-A162-1046B2ABAF41}.Debug|Any CPU.ActiveCfg = Debug|Any CPU
		{767F0050-3232-422F-A162-1046B2ABAF41}.Debug|Any CPU.Build.0 = Debug|Any CPU
		{767F0050-3232-422F-A162-1046B2ABAF41}.Release|Any CPU.ActiveCfg = Release|Any CPU
		{767F0050-3232-422F-A162-1046B2ABAF41}.Release|Any CPU.Build.0 = Release|Any CPU
	EndGlobalSection
EndGlobal
